
Microsoft Visual Studio Solution File, Format Version 12.00
# Visual Studio Version 17
VisualStudioVersion = 17.5.002.0
MinimumVisualStudioVersion = 10.0.40219.1
Project("{9A19103F-16F7-4668-BE54-9A1E7A4F7556}") = "Alteracao SQL", "Alteracao SQL.csproj", "{40E40B95-C7D0-470C-927C-4A2E90425CCD}"
EndProject
Global
	GlobalSection(SolutionConfigurationPlatforms) = preSolution
		Debug|Any CPU = Debug|Any CPU
		Release|Any CPU = Release|Any CPU
	EndGlobalSection
	GlobalSection(ProjectConfigurationPlatforms) = postSolution
		{40E40B95-C7D0-470C-927C-4A2E90425CCD}.Debug|Any CPU.ActiveCfg = Debug|Any CPU
		{40E40B95-C7D0-470C-927C-4A2E90425CCD}.Debug|Any CPU.Build.0 = Debug|Any CPU
		{40E40B95-C7D0-470C-927C-4A2E90425CCD}.Release|Any CPU.ActiveCfg = Release|Any CPU
		{40E40B95-C7D0-470C-927C-4A2E90425CCD}.Release|Any CPU.Build.0 = Release|Any CPU
	EndGlobalSection
	GlobalSection(SolutionProperties) = preSolution
		HideSolutionNode = FALSE
	EndGlobalSection
	GlobalSection(ExtensibilityGlobals) = postSolution
		SolutionGuid = {E3E40DFC-B921-4AED-9E5B-8E4295EEB13C}
	EndGlobalSection
EndGlobal
